// !$*UTF8*$!
{
	archiveVersion = 1;
	classes = {
	};
	objectVersion = 46;
	objects = {

/* Begin PBXBuildFile section */
		046ED92B29A6C45D007CA38F /* SwiftFile.swift in Sources */ = {isa = PBXBuildFile; fileRef = 046ED92A29A6C45D007CA38F /* SwiftFile.swift */; };
		046ED92D29A6CC65007CA38F /* Test.storekit in Resources */ = {isa = PBXBuildFile; fileRef = 046ED92C29A6CC64007CA38F /* Test.storekit */; };
		3064046123976437004BA446 /* data in Resources */ = {isa = PBXBuildFile; fileRef = 3064046023976437004BA446 /* data */; };
		4901F4CC1F68B648006A85A3 /* EventKitUI.framework in Frameworks */ = {isa = PBXBuildFile; fileRef = 4901F4CB1F68B648006A85A3 /* EventKitUI.framework */; };
		4901F4F91F68C308006A85A3 /* Images.xcassets in Resources */ = {isa = PBXBuildFile; fileRef = 4901F4F81F68C308006A85A3 /* Images.xcassets */; };
		497570F01F68676E007798B9 /* main.m in Sources */ = {isa = PBXBuildFile; fileRef = 497570EF1F68676E007798B9 /* main.m */; };
		497570F31F68676E007798B9 /* AppDelegate.mm in Sources */ = {isa = PBXBuildFile; fileRef = 497570F21F68676E007798B9 /* AppDelegate.mm */; };
		497570FF1F68676E007798B9 /* Assets.xcassets in Resources */ = {isa = PBXBuildFile; fileRef = 497570FE1F68676E007798B9 /* Assets.xcassets */; };
		4975754C1F687E7C007798B9 /* CoreMotion.framework in Frameworks */ = {isa = PBXBuildFile; fileRef = 4975754B1F687E7C007798B9 /* CoreMotion.framework */; };
		4975754F1F687EC4007798B9 /* StoreKit.framework in Frameworks */ = {isa = PBXBuildFile; fileRef = 4975754E1F687EC4007798B9 /* StoreKit.framework */; };
		497575511F687ED8007798B9 /* libz.tbd in Frameworks */ = {isa = PBXBuildFile; fileRef = 497575501F687ED8007798B9 /* libz.tbd */; };
		497575531F687EE5007798B9 /* GameKit.framework in Frameworks */ = {isa = PBXBuildFile; fileRef = 497575521F687EE5007798B9 /* GameKit.framework */; };
		497575551F687EFB007798B9 /* GLKit.framework in Frameworks */ = {isa = PBXBuildFile; fileRef = 497575541F687EFB007798B9 /* GLKit.framework */; };
		497575761F687FEB007798B9 /* libxml2.tbd in Frameworks */ = {isa = PBXBuildFile; fileRef = 497575751F687FEB007798B9 /* libxml2.tbd */; };
		497575781F687FF7007798B9 /* libsqlite3.tbd in Frameworks */ = {isa = PBXBuildFile; fileRef = 497575771F687FF7007798B9 /* libsqlite3.tbd */; };
		4975757C1F688029007798B9 /* SystemConfiguration.framework in Frameworks */ = {isa = PBXBuildFile; fileRef = 4975757B1F688029007798B9 /* SystemConfiguration.framework */; };
		4975757E1F68803B007798B9 /* MediaPlayer.framework in Frameworks */ = {isa = PBXBuildFile; fileRef = 4975757D1F68803B007798B9 /* MediaPlayer.framework */; };
		497575801F68812B007798B9 /* MobileCoreServices.framework in Frameworks */ = {isa = PBXBuildFile; fileRef = 4975757F1F68812B007798B9 /* MobileCoreServices.framework */; };
		497575821F68814F007798B9 /* CoreTelephony.framework in Frameworks */ = {isa = PBXBuildFile; fileRef = 497575811F68814F007798B9 /* CoreTelephony.framework */; };
		497575861F688181007798B9 /* MessageUI.framework in Frameworks */ = {isa = PBXBuildFile; fileRef = 497575851F688181007798B9 /* MessageUI.framework */; };
		497575871F68819A007798B9 /* AdSupport.framework in Frameworks */ = {isa = PBXBuildFile; fileRef = 497575831F68816F007798B9 /* AdSupport.framework */; };
		499CEB711FE87EEB0028560E /* WebKit.framework in Frameworks */ = {isa = PBXBuildFile; fileRef = 499CEB701FE87EEB0028560E /* WebKit.framework */; };
		49BBC01C20F3F3AC00BEB2FD /* OpenAL.framework in Frameworks */ = {isa = PBXBuildFile; fileRef = 49BBC01B20F3F3AC00BEB2FD /* OpenAL.framework */; };
		49BBC02120F3F48500BEB2FD /* libiconv.tbd in Frameworks */ = {isa = PBXBuildFile; fileRef = 49BBC02020F3F48500BEB2FD /* libiconv.tbd */; };
		49BBC02720F3F4B200BEB2FD /* AudioToolbox.framework in Frameworks */ = {isa = PBXBuildFile; fileRef = 49BBC02620F3F4B200BEB2FD /* AudioToolbox.framework */; };
		49BBC03620F43DC800BEB2FD /* AVFoundation.framework in Frameworks */ = {isa = PBXBuildFile; fileRef = 49BBC03520F43DC800BEB2FD /* AVFoundation.framework */; };
		50346C992644595D004172F9 /* CustomAdIntegrator.mm in Sources */ = {isa = PBXBuildFile; fileRef = 50346C952644595D004172F9 /* CustomAdIntegrator.mm */; };
		C0327733248A0010001981A3 /* Accelerate.framework in Frameworks */ = {isa = PBXBuildFile; fileRef = C0327732248A000F001981A3 /* Accelerate.framework */; };
		C09D10412384EFCC00CCC959 /* consentDialogImage.png in Resources */ = {isa = PBXBuildFile; fileRef = C09D10402384EFCC00CCC959 /* consentDialogImage.png */; };
		C0C93F5F248F0ADD00850A08 /* LaunchScreen.storyboard in Resources */ = {isa = PBXBuildFile; fileRef = C0C93F5E248F0ADD00850A08 /* LaunchScreen.storyboard */; };
		C0DF9024238C6E600099FE9E /* Main.storyboard in Resources */ = {isa = PBXBuildFile; fileRef = C0DF9023238C6E600099FE9E /* Main.storyboard */; };
		40117E7762844B3E902715C1 /* BBRuntime.xcframework in Frameworks */ = {isa = PBXBuildFile; fileRef = 6D7F35ABF8324D39AE48E8FA /* BBRuntime.xcframework */; };
E5E8974F000647179DAA2A1D /* BBRuntime.xcframework in Embed Frameworks */ = {isa = PBXBuildFile; fileRef = 6D7F35ABF8324D39AE48E8FA /* BBRuntime.xcframework */; settings = {ATTRIBUTES = (CodeSignOnCopy, RemoveHeadersOnCopy, ); }; };
FBD10A438F214139AC228A76 /* AOBAnalyticsReporting.framework in Frameworks */ = {isa = PBXBuildFile; fileRef = DAB3FF0F96D747868D79B596 /* AOBAnalyticsReporting.framework */; };
4861F4E56EB94D48B2525B65 /* AOBAnalyticsReporting.framework in Embed Frameworks */ = {isa = PBXBuildFile; fileRef = DAB3FF0F96D747868D79B596 /* AOBAnalyticsReporting.framework */; settings = {ATTRIBUTES = (CodeSignOnCopy, RemoveHeadersOnCopy, ); }; };
8731C4B4C41E43B18C61683B /* BuildboxIntegratorInterface.framework in Frameworks */ = {isa = PBXBuildFile; fileRef = 76FCC8332E8245ECA6BEDBBE /* BuildboxIntegratorInterface.framework */; };
5A20700047364F59951B5D0E /* BuildboxIntegratorInterface.framework in Embed Frameworks */ = {isa = PBXBuildFile; fileRef = 76FCC8332E8245ECA6BEDBBE /* BuildboxIntegratorInterface.framework */; settings = {ATTRIBUTES = (CodeSignOnCopy, RemoveHeadersOnCopy, ); }; };
72B821243F7B434BAD3CA81B /* AdSupport.framework in Frameworks */ = {isa = PBXBuildFile; fileRef = 6BED30BF1D8742CABAEAAD79 /* AdSupport.framework */; settings = {ATTRIBUTES = (Weak, ); }; };
9D2296EC9EDF4077A6F04A0E /* AppTrackingTransparency.framework in Frameworks */ = {isa = PBXBuildFile; fileRef = F754D2FFF97047DD8617A79A /* AppTrackingTransparency.framework */; settings = {ATTRIBUTES = (Weak, ); }; };
F13A036AD4BE4072879224CD /* VungleAdIntegrator.framework in Frameworks */ = {isa = PBXBuildFile; fileRef = B165188EDA864696919E9095 /* VungleAdIntegrator.framework */; };
7A8A7F3DA1C54B1AA3A4461D /* VungleAdIntegrator.framework in Embed Frameworks */ = {isa = PBXBuildFile; fileRef = B165188EDA864696919E9095 /* VungleAdIntegrator.framework */; settings = {ATTRIBUTES = (CodeSignOnCopy, RemoveHeadersOnCopy, ); }; };
D7A40F9CEFD4422CA860117C /* VungleAdsSDK.xcframework in Frameworks */ = {isa = PBXBuildFile; fileRef = ABD39C85613544DE9BE6698B /* VungleAdsSDK.xcframework */; };
809446EA965A48BBBC921F99 /* VungleAdsSDK.xcframework in Embed Frameworks */ = {isa = PBXBuildFile; fileRef = ABD39C85613544DE9BE6698B /* VungleAdsSDK.xcframework */; settings = {ATTRIBUTES = (CodeSignOnCopy, RemoveHeadersOnCopy, ); }; };
/* End PBXBuildFile section */

/* Begin PBXCopyFilesBuildPhase section */
		031D53BA23A85110006F453D /* Embed Frameworks */ = {
			isa = PBXCopyFilesBuildPhase;
			buildActionMask = 2147483647;
			dstPath = "";
			dstSubfolderSpec = 10;
			files = (
				E5E8974F000647179DAA2A1D /* BBRuntime.xcframework in Embed Frameworks */,
4861F4E56EB94D48B2525B65 /* AOBAnalyticsReporting.framework in Embed Frameworks */,
5A20700047364F59951B5D0E /* BuildboxIntegratorInterface.framework in Embed Frameworks */,
7A8A7F3DA1C54B1AA3A4461D /* VungleAdIntegrator.framework in Embed Frameworks */,
809446EA965A48BBBC921F99 /* VungleAdsSDK.xcframework in Embed Frameworks */,
			);
			name = "Embed Frameworks";
			runOnlyForDeploymentPostprocessing = 0;
		};
/* End PBXCopyFilesBuildPhase section */

/* Begin PBXFileReference section */
		046ED92929A6C45D007CA38F /* BBPlayer-Bridging-Header.h */ = {isa = PBXFileReference; lastKnownFileType = sourcecode.c.h; path = "BBPlayer-Bridging-Header.h"; sourceTree = "<group>"; };
		046ED92A29A6C45D007CA38F /* SwiftFile.swift */ = {isa = PBXFileReference; fileEncoding = 4; lastKnownFileType = sourcecode.swift; path = SwiftFile.swift; sourceTree = "<group>"; };
		046ED92C29A6CC64007CA38F /* Test.storekit */ = {isa = PBXFileReference; lastKnownFileType = text; path = Test.storekit; sourceTree = "<group>"; };
		3064046023976437004BA446 /* data */ = {isa = PBXFileReference; lastKnownFileType = text; path = data; sourceTree = "<group>"; };
		4901F4CB1F68B648006A85A3 /* EventKitUI.framework */ = {isa = PBXFileReference; lastKnownFileType = wrapper.framework; name = EventKitUI.framework; path = System/Library/Frameworks/EventKitUI.framework; sourceTree = SDKROOT; };
		4901F4F81F68C308006A85A3 /* Images.xcassets */ = {isa = PBXFileReference; lastKnownFileType = folder.assetcatalog; path = Images.xcassets; sourceTree = "<group>"; };
		497570EB1F68676E007798B9 /* BBPlayer.app */ = {isa = PBXFileReference; explicitFileType = wrapper.application; includeInIndex = 0; path = BBPlayer.app; sourceTree = BUILT_PRODUCTS_DIR; };
		497570EF1F68676E007798B9 /* main.m */ = {isa = PBXFileReference; lastKnownFileType = sourcecode.c.objc; path = main.m; sourceTree = "<group>"; };
		497570F11F68676E007798B9 /* AppDelegate.h */ = {isa = PBXFileReference; lastKnownFileType = sourcecode.c.h; path = AppDelegate.h; sourceTree = "<group>"; };
		497570F21F68676E007798B9 /* AppDelegate.mm */ = {isa = PBXFileReference; lastKnownFileType = sourcecode.cpp.objcpp; path = AppDelegate.mm; sourceTree = "<group>"; };
		497570FE1F68676E007798B9 /* Assets.xcassets */ = {isa = PBXFileReference; lastKnownFileType = folder.assetcatalog; path = Assets.xcassets; sourceTree = "<group>"; };
		497571031F68676E007798B9 /* Info.plist */ = {isa = PBXFileReference; lastKnownFileType = text.plist.xml; path = Info.plist; sourceTree = "<group>"; };
		4975754B1F687E7C007798B9 /* CoreMotion.framework */ = {isa = PBXFileReference; lastKnownFileType = wrapper.framework; name = CoreMotion.framework; path = System/Library/Frameworks/CoreMotion.framework; sourceTree = SDKROOT; };
		4975754E1F687EC4007798B9 /* StoreKit.framework */ = {isa = PBXFileReference; lastKnownFileType = wrapper.framework; name = StoreKit.framework; path = System/Library/Frameworks/StoreKit.framework; sourceTree = SDKROOT; };
		497575501F687ED8007798B9 /* libz.tbd */ = {isa = PBXFileReference; lastKnownFileType = "sourcecode.text-based-dylib-definition"; name = libz.tbd; path = usr/lib/libz.tbd; sourceTree = SDKROOT; };
		497575521F687EE5007798B9 /* GameKit.framework */ = {isa = PBXFileReference; lastKnownFileType = wrapper.framework; name = GameKit.framework; path = System/Library/Frameworks/GameKit.framework; sourceTree = SDKROOT; };
		497575541F687EFB007798B9 /* GLKit.framework */ = {isa = PBXFileReference; lastKnownFileType = wrapper.framework; name = GLKit.framework; path = System/Library/Frameworks/GLKit.framework; sourceTree = SDKROOT; };
		497575751F687FEB007798B9 /* libxml2.tbd */ = {isa = PBXFileReference; lastKnownFileType = "sourcecode.text-based-dylib-definition"; name = libxml2.tbd; path = usr/lib/libxml2.tbd; sourceTree = SDKROOT; };
		497575771F687FF7007798B9 /* libsqlite3.tbd */ = {isa = PBXFileReference; lastKnownFileType = "sourcecode.text-based-dylib-definition"; name = libsqlite3.tbd; path = usr/lib/libsqlite3.tbd; sourceTree = SDKROOT; };
		497575791F68800C007798B9 /* CFNetwork.framework */ = {isa = PBXFileReference; lastKnownFileType = wrapper.framework; name = CFNetwork.framework; path = System/Library/Frameworks/CFNetwork.framework; sourceTree = SDKROOT; };
		4975757B1F688029007798B9 /* SystemConfiguration.framework */ = {isa = PBXFileReference; lastKnownFileType = wrapper.framework; name = SystemConfiguration.framework; path = System/Library/Frameworks/SystemConfiguration.framework; sourceTree = SDKROOT; };
		4975757D1F68803B007798B9 /* MediaPlayer.framework */ = {isa = PBXFileReference; lastKnownFileType = wrapper.framework; name = MediaPlayer.framework; path = System/Library/Frameworks/MediaPlayer.framework; sourceTree = SDKROOT; };
		4975757F1F68812B007798B9 /* MobileCoreServices.framework */ = {isa = PBXFileReference; lastKnownFileType = wrapper.framework; name = MobileCoreServices.framework; path = System/Library/Frameworks/MobileCoreServices.framework; sourceTree = SDKROOT; };
		497575811F68814F007798B9 /* CoreTelephony.framework */ = {isa = PBXFileReference; lastKnownFileType = wrapper.framework; name = CoreTelephony.framework; path = System/Library/Frameworks/CoreTelephony.framework; sourceTree = SDKROOT; };
		497575831F68816F007798B9 /* AdSupport.framework */ = {isa = PBXFileReference; lastKnownFileType = wrapper.framework; name = AdSupport.framework; path = System/Library/Frameworks/AdSupport.framework; sourceTree = SDKROOT; };
		497575851F688181007798B9 /* MessageUI.framework */ = {isa = PBXFileReference; lastKnownFileType = wrapper.framework; name = MessageUI.framework; path = System/Library/Frameworks/MessageUI.framework; sourceTree = SDKROOT; };
		499CEB701FE87EEB0028560E /* WebKit.framework */ = {isa = PBXFileReference; lastKnownFileType = wrapper.framework; name = WebKit.framework; path = System/Library/Frameworks/WebKit.framework; sourceTree = SDKROOT; };
		49BBC01B20F3F3AC00BEB2FD /* OpenAL.framework */ = {isa = PBXFileReference; lastKnownFileType = wrapper.framework; name = OpenAL.framework; path = System/Library/Frameworks/OpenAL.framework; sourceTree = SDKROOT; };
		49BBC02020F3F48500BEB2FD /* libiconv.tbd */ = {isa = PBXFileReference; lastKnownFileType = "sourcecode.text-based-dylib-definition"; name = libiconv.tbd; path = usr/lib/libiconv.tbd; sourceTree = SDKROOT; };
		49BBC02620F3F4B200BEB2FD /* AudioToolbox.framework */ = {isa = PBXFileReference; lastKnownFileType = wrapper.framework; name = AudioToolbox.framework; path = System/Library/Frameworks/AudioToolbox.framework; sourceTree = SDKROOT; };
		49BBC03520F43DC800BEB2FD /* AVFoundation.framework */ = {isa = PBXFileReference; lastKnownFileType = wrapper.framework; name = AVFoundation.framework; path = System/Library/Frameworks/AVFoundation.framework; sourceTree = SDKROOT; };
		50346C952644595D004172F9 /* CustomAdIntegrator.mm */ = {isa = PBXFileReference; fileEncoding = 4; lastKnownFileType = sourcecode.cpp.objcpp; path = CustomAdIntegrator.mm; sourceTree = "<group>"; };
		50346C982644595D004172F9 /* CustomAdIntegrator.h */ = {isa = PBXFileReference; fileEncoding = 4; lastKnownFileType = sourcecode.c.h; path = CustomAdIntegrator.h; sourceTree = "<group>"; };
		C0327732248A000F001981A3 /* Accelerate.framework */ = {isa = PBXFileReference; lastKnownFileType = wrapper.framework; name = Accelerate.framework; path = System/Library/Frameworks/Accelerate.framework; sourceTree = SDKROOT; };
		C09D10402384EFCC00CCC959 /* consentDialogImage.png */ = {isa = PBXFileReference; lastKnownFileType = image.png; path = consentDialogImage.png; sourceTree = "<group>"; };
		C0C93F5E248F0ADD00850A08 /* LaunchScreen.storyboard */ = {isa = PBXFileReference; lastKnownFileType = file.storyboard; path = LaunchScreen.storyboard; sourceTree = "<group>"; };
		C0DF9023238C6E600099FE9E /* Main.storyboard */ = {isa = PBXFileReference; fileEncoding = 4; lastKnownFileType = file.storyboard; path = Main.storyboard; sourceTree = "<group>"; };
		6D7F35ABF8324D39AE48E8FA /* BBRuntime.xcframework */ = {isa = PBXFileReference; lastKnownFileType = wrapper.xcframework; name = BBRuntime.xcframework; path = Frameworks/BBRuntime.xcframework; sourceTree = "<group>"; };
DAB3FF0F96D747868D79B596 /* AOBAnalyticsReporting.framework */ = {isa = PBXFileReference; lastKnownFileType = wrapper.framework; name = AOBAnalyticsReporting.framework; path = Frameworks/AOBAnalyticsReporting.framework; sourceTree = "<group>"; };
76FCC8332E8245ECA6BEDBBE /* BuildboxIntegratorInterface.framework */ = {isa = PBXFileReference; lastKnownFileType = wrapper.framework; name = BuildboxIntegratorInterface.framework; path = Frameworks/BuildboxIntegratorInterface.framework; sourceTree = "<group>"; };
6BED30BF1D8742CABAEAAD79 /* AdSupport.framework */ = {isa = PBXFileReference; lastKnownFileType = wrapper.framework; name = AdSupport.framework; path = System/Library/Frameworks/AdSupport.framework; sourceTree = SDKROOT; };
F754D2FFF97047DD8617A79A /* AppTrackingTransparency.framework */ = {isa = PBXFileReference; lastKnownFileType = wrapper.framework; name = AppTrackingTransparency.framework; path = System/Library/Frameworks/AppTrackingTransparency.framework; sourceTree = SDKROOT; };
B165188EDA864696919E9095 /* VungleAdIntegrator.framework */ = {isa = PBXFileReference; lastKnownFileType = wrapper.framework; name = VungleAdIntegrator.framework; path = Frameworks/VungleAdIntegrator.framework; sourceTree = "<group>"; };
ABD39C85613544DE9BE6698B /* VungleAdsSDK.xcframework */ = {isa = PBXFileReference; lastKnownFileType = wrapper.xcframework; name = VungleAdsSDK.xcframework; path = Frameworks_3rdParty/VungleAdsSDK.xcframework; sourceTree = "<group>"; };
/* End PBXFileReference section */

/* Begin PBXFrameworksBuildPhase section */
		497570E81F68676E007798B9 /* Frameworks */ = {
			isa = PBXFrameworksBuildPhase;
			buildActionMask = 2147483647;
			files = (
				49BBC03620F43DC800BEB2FD /* AVFoundation.framework in Frameworks */,
				49BBC02720F3F4B200BEB2FD /* AudioToolbox.framework in Frameworks */,
				49BBC02120F3F48500BEB2FD /* libiconv.tbd in Frameworks */,
				49BBC01C20F3F3AC00BEB2FD /* OpenAL.framework in Frameworks */,
				499CEB711FE87EEB0028560E /* WebKit.framework in Frameworks */,
				4901F4CC1F68B648006A85A3 /* EventKitUI.framework in Frameworks */,
				497575871F68819A007798B9 /* AdSupport.framework in Frameworks */,
				497575861F688181007798B9 /* MessageUI.framework in Frameworks */,
				497575821F68814F007798B9 /* CoreTelephony.framework in Frameworks */,
				497575801F68812B007798B9 /* MobileCoreServices.framework in Frameworks */,
				4975757E1F68803B007798B9 /* MediaPlayer.framework in Frameworks */,
				4975757C1F688029007798B9 /* SystemConfiguration.framework in Frameworks */,
				497575551F687EFB007798B9 /* GLKit.framework in Frameworks */,
				497575531F687EE5007798B9 /* GameKit.framework in Frameworks */,
				4975754F1F687EC4007798B9 /* StoreKit.framework in Frameworks */,
				C0327733248A0010001981A3 /* Accelerate.framework in Frameworks */,
				4975754C1F687E7C007798B9 /* CoreMotion.framework in Frameworks */,
				497575761F687FEB007798B9 /* libxml2.tbd in Frameworks */,
				497575781F687FF7007798B9 /* libsqlite3.tbd in Frameworks */,
				497575511F687ED8007798B9 /* libz.tbd in Frameworks */,
				40117E7762844B3E902715C1 /* BBRuntime.xcframework in Frameworks */,
FBD10A438F214139AC228A76 /* AOBAnalyticsReporting.framework in Frameworks */,
8731C4B4C41E43B18C61683B /* BuildboxIntegratorInterface.framework in Frameworks */,
72B821243F7B434BAD3CA81B /* AdSupport.framework in Frameworks */,
9D2296EC9EDF4077A6F04A0E /* AppTrackingTransparency.framework in Frameworks */,
F13A036AD4BE4072879224CD /* VungleAdIntegrator.framework in Frameworks */,
D7A40F9CEFD4422CA860117C /* VungleAdsSDK.xcframework in Frameworks */,
			);
			runOnlyForDeploymentPostprocessing = 0;
		};
/* End PBXFrameworksBuildPhase section */

/* Begin PBXGroup section */
		4901F4B41F6886D3006A85A3 /* Resources */ = {
			isa = PBXGroup;
			children = (
				3064046023976437004BA446 /* data */,
				497570FE1F68676E007798B9 /* Assets.xcassets */,
				4901F4F81F68C308006A85A3 /* Images.xcassets */,
				C09D10402384EFCC00CCC959 /* consentDialogImage.png */,
			);
			path = Resources;
			sourceTree = "<group>";
		};
		497570E21F68676E007798B9 = {
			isa = PBXGroup;
			children = (
				497570ED1F68676E007798B9 /* BBPlayer */,
				4901F4B41F6886D3006A85A3 /* Resources */,
				497570EC1F68676E007798B9 /* Products */,
				499CEB6F1FE87EEA0028560E /* Frameworks */,
			);
			sourceTree = "<group>";
		};
		497570EC1F68676E007798B9 /* Products */ = {
			isa = PBXGroup;
			children = (
				497570EB1F68676E007798B9 /* BBPlayer.app */,
			);
			name = Products;
			sourceTree = "<group>";
		};
		497570ED1F68676E007798B9 /* BBPlayer */ = {
			isa = PBXGroup;
			children = (
				046ED92A29A6C45D007CA38F /* SwiftFile.swift */,
				50346C982644595D004172F9 /* CustomAdIntegrator.h */,
				50346C952644595D004172F9 /* CustomAdIntegrator.mm */,
				497570F11F68676E007798B9 /* AppDelegate.h */,
				497570F21F68676E007798B9 /* AppDelegate.mm */,
				497571031F68676E007798B9 /* Info.plist */,
				C0C93F5E248F0ADD00850A08 /* LaunchScreen.storyboard */,
				C0DF9023238C6E600099FE9E /* Main.storyboard */,
				497570EE1F68676E007798B9 /* Supporting Files */,
				046ED92929A6C45D007CA38F /* BBPlayer-Bridging-Header.h */,
				046ED92C29A6CC64007CA38F /* Test.storekit */,
			);
			path = BBPlayer;
			sourceTree = "<group>";
		};
		497570EE1F68676E007798B9 /* Supporting Files */ = {
			isa = PBXGroup;
			children = (
				497570EF1F68676E007798B9 /* main.m */,
			);
			name = "Supporting Files";
			sourceTree = "<group>";
		};
		499CEB6F1FE87EEA0028560E /* Frameworks */ = {
			isa = PBXGroup;
			children = (
				C0327732248A000F001981A3 /* Accelerate.framework */,
				49BBC03520F43DC800BEB2FD /* AVFoundation.framework */,
				49BBC02620F3F4B200BEB2FD /* AudioToolbox.framework */,
				49BBC02020F3F48500BEB2FD /* libiconv.tbd */,
				49BBC01B20F3F3AC00BEB2FD /* OpenAL.framework */,
				499CEB701FE87EEB0028560E /* WebKit.framework */,
				497575771F687FF7007798B9 /* libsqlite3.tbd */,
				497575751F687FEB007798B9 /* libxml2.tbd */,
				497575501F687ED8007798B9 /* libz.tbd */,
				4901F4CB1F68B648006A85A3 /* EventKitUI.framework */,
				497575851F688181007798B9 /* MessageUI.framework */,
				497575831F68816F007798B9 /* AdSupport.framework */,
				497575811F68814F007798B9 /* CoreTelephony.framework */,
				4975757D1F68803B007798B9 /* MediaPlayer.framework */,
				4975757F1F68812B007798B9 /* MobileCoreServices.framework */,
				4975757B1F688029007798B9 /* SystemConfiguration.framework */,
				497575791F68800C007798B9 /* CFNetwork.framework */,
				497575541F687EFB007798B9 /* GLKit.framework */,
				497575521F687EE5007798B9 /* GameKit.framework */,
				4975754E1F687EC4007798B9 /* StoreKit.framework */,
				4975754B1F687E7C007798B9 /* CoreMotion.framework */,
				6D7F35ABF8324D39AE48E8FA /* BBRuntime.xcframework */,
DAB3FF0F96D747868D79B596 /* AOBAnalyticsReporting.framework */,
76FCC8332E8245ECA6BEDBBE /* BuildboxIntegratorInterface.framework */,
6BED30BF1D8742CABAEAAD79 /* AdSupport.framework */,
F754D2FFF97047DD8617A79A /* AppTrackingTransparency.framework */,
B165188EDA864696919E9095 /* VungleAdIntegrator.framework */,
ABD39C85613544DE9BE6698B /* VungleAdsSDK.xcframework */,
			);
			name = Frameworks;
			sourceTree = "<group>";
		};
/* End PBXGroup section */

/* Begin PBXNativeTarget section */
		497570EA1F68676E007798B9 /* BBPlayer */ = {
			isa = PBXNativeTarget;
			buildConfigurationList = 497571061F68676E007798B9 /* Build configuration list for PBXNativeTarget "BBPlayer" */;
			buildPhases = (
				497570E71F68676E007798B9 /* Sources */,
				497570E81F68676E007798B9 /* Frameworks */,
				497570E91F68676E007798B9 /* Resources */,
				031D53BA23A85110006F453D /* Embed Frameworks */,
			);
			buildRules = (
			);
			dependencies = (
			);
			name = BBPlayer;
			productName = BBPlayer;
			productReference = 497570EB1F68676E007798B9 /* BBPlayer.app */;
			productType = "com.apple.product-type.application";
		};
/* End PBXNativeTarget section */

/* Begin PBXProject section */
		497570E31F68676E007798B9 /* Project object */ = {
			isa = PBXProject;
			attributes = {
				LastUpgradeCheck = 1420;
				TargetAttributes = {
					497570EA1F68676E007798B9 = {
						CreatedOnToolsVersion = 7.3.1;
						LastSwiftMigration = 1420;
					};
				};
			};
			buildConfigurationList = 497570E61F68676E007798B9 /* Build configuration list for PBXProject "BBPlayer" */;
			compatibilityVersion = "Xcode 3.2";
			developmentRegion = en;
			hasScannedForEncodings = 0;
			knownRegions = (
				en,
				Base,
			);
			mainGroup = 497570E21F68676E007798B9;
			productRefGroup = 497570EC1F68676E007798B9 /* Products */;
			projectDirPath = "";
			projectRoot = "";
			targets = (
				497570EA1F68676E007798B9 /* BBPlayer */,
			);
		};
/* End PBXProject section */

/* Begin PBXResourcesBuildPhase section */
		497570E91F68676E007798B9 /* Resources */ = {
			isa = PBXResourcesBuildPhase;
			buildActionMask = 2147483647;
			files = (
				3064046123976437004BA446 /* data in Resources */,
				046ED92D29A6CC65007CA38F /* Test.storekit in Resources */,
				C09D10412384EFCC00CCC959 /* consentDialogImage.png in Resources */,
				C0C93F5F248F0ADD00850A08 /* LaunchScreen.storyboard in Resources */,
				4901F4F91F68C308006A85A3 /* Images.xcassets in Resources */,
				C0DF9024238C6E600099FE9E /* Main.storyboard in Resources */,
				497570FF1F68676E007798B9 /* Assets.xcassets in Resources */,
			);
			runOnlyForDeploymentPostprocessing = 0;
		};
/* End PBXResourcesBuildPhase section */

/* Begin PBXSourcesBuildPhase section */
		497570E71F68676E007798B9 /* Sources */ = {
			isa = PBXSourcesBuildPhase;
			buildActionMask = 2147483647;
			files = (
				046ED92B29A6C45D007CA38F /* SwiftFile.swift in Sources */,
				497570F31F68676E007798B9 /* AppDelegate.mm in Sources */,
				50346C992644595D004172F9 /* CustomAdIntegrator.mm in Sources */,
				497570F01F68676E007798B9 /* main.m in Sources */,
			);
			runOnlyForDeploymentPostprocessing = 0;
		};
/* End PBXSourcesBuildPhase section */

/* Begin XCBuildConfiguration section */
		497571041F68676E007798B9 /* Debug */ = {
			isa = XCBuildConfiguration;
			buildSettings = {
				ALWAYS_EMBED_SWIFT_STANDARD_LIBRARIES = YES;
				ALWAYS_SEARCH_USER_PATHS = NO;
				CLANG_ANALYZER_NONNULL = YES;
				CLANG_CXX_LANGUAGE_STANDARD = "gnu++0x";
				CLANG_CXX_LIBRARY = "libc++";
				CLANG_ENABLE_MODULES = YES;
				CLANG_ENABLE_OBJC_ARC = YES;
				CLANG_WARN_BLOCK_CAPTURE_AUTORELEASING = YES;
				CLANG_WARN_BOOL_CONVERSION = YES;
				CLANG_WARN_COMMA = NO;
				CLANG_WARN_CONSTANT_CONVERSION = YES;
				CLANG_WARN_DEPRECATED_OBJC_IMPLEMENTATIONS = YES;
				CLANG_WARN_DIRECT_OBJC_ISA_USAGE = YES_ERROR;
				CLANG_WARN_EMPTY_BODY = YES;
				CLANG_WARN_ENUM_CONVERSION = YES;
				CLANG_WARN_INFINITE_RECURSION = YES;
				CLANG_WARN_INT_CONVERSION = YES;
				CLANG_WARN_NON_LITERAL_NULL_CONVERSION = YES;
				CLANG_WARN_OBJC_IMPLICIT_RETAIN_SELF = YES;
				CLANG_WARN_OBJC_LITERAL_CONVERSION = YES;
				CLANG_WARN_OBJC_ROOT_CLASS = YES_ERROR;
				CLANG_WARN_RANGE_LOOP_ANALYSIS = YES;
				CLANG_WARN_STRICT_PROTOTYPES = YES;
				CLANG_WARN_SUSPICIOUS_MOVE = YES;
				CLANG_WARN_UNREACHABLE_CODE = YES;
				CLANG_WARN__DUPLICATE_METHOD_MATCH = YES;
				"CODE_SIGN_IDENTITY[sdk=iphoneos*]" = "iPhone Developer";
				COPY_PHASE_STRIP = NO;
				DEBUG_INFORMATION_FORMAT = "dwarf-with-dsym";
				ENABLE_STRICT_OBJC_MSGSEND = YES;
				ENABLE_TESTABILITY = YES;
				GCC_C_LANGUAGE_STANDARD = gnu99;
				GCC_DYNAMIC_NO_PIC = NO;
				GCC_NO_COMMON_BLOCKS = YES;
				GCC_OPTIMIZATION_LEVEL = 0;
				GCC_PREPROCESSOR_DEFINITIONS = (
					"DEBUG=1",
					"$(inherited)",
				);
				GCC_WARN_64_TO_32_BIT_CONVERSION = NO;
				GCC_WARN_ABOUT_RETURN_TYPE = YES_ERROR;
				GCC_WARN_UNDECLARED_SELECTOR = YES;
				GCC_WARN_UNINITIALIZED_AUTOS = YES_AGGRESSIVE;
				GCC_WARN_UNUSED_FUNCTION = YES;
				GCC_WARN_UNUSED_VARIABLE = YES;
				IPHONEOS_DEPLOYMENT_TARGET = 12.0;
				MTL_ENABLE_DEBUG_INFO = YES;
				ONLY_ACTIVE_ARCH = YES;
				SDKROOT = iphoneos;
				TARGETED_DEVICE_FAMILY = "1,2";
			};
			name = Debug;
		};
		497571051F68676E007798B9 /* Release */ = {
			isa = XCBuildConfiguration;
			buildSettings = {
				ALWAYS_EMBED_SWIFT_STANDARD_LIBRARIES = YES;
				ALWAYS_SEARCH_USER_PATHS = NO;
				CLANG_ANALYZER_NONNULL = YES;
				CLANG_CXX_LANGUAGE_STANDARD = "gnu++0x";
				CLANG_CXX_LIBRARY = "libc++";
				CLANG_ENABLE_MODULES = YES;
				CLANG_ENABLE_OBJC_ARC = YES;
				CLANG_WARN_BLOCK_CAPTURE_AUTORELEASING = YES;
				CLANG_WARN_BOOL_CONVERSION = YES;
				CLANG_WARN_COMMA = NO;
				CLANG_WARN_CONSTANT_CONVERSION = YES;
				CLANG_WARN_DEPRECATED_OBJC_IMPLEMENTATIONS = YES;
				CLANG_WARN_DIRECT_OBJC_ISA_USAGE = YES_ERROR;
				CLANG_WARN_EMPTY_BODY = YES;
				CLANG_WARN_ENUM_CONVERSION = YES;
				CLANG_WARN_INFINITE_RECURSION = YES;
				CLANG_WARN_INT_CONVERSION = YES;
				CLANG_WARN_NON_LITERAL_NULL_CONVERSION = YES;
				CLANG_WARN_OBJC_IMPLICIT_RETAIN_SELF = YES;
				CLANG_WARN_OBJC_LITERAL_CONVERSION = YES;
				CLANG_WARN_OBJC_ROOT_CLASS = YES_ERROR;
				CLANG_WARN_RANGE_LOOP_ANALYSIS = YES;
				CLANG_WARN_STRICT_PROTOTYPES = YES;
				CLANG_WARN_SUSPICIOUS_MOVE = YES;
				CLANG_WARN_UNREACHABLE_CODE = YES;
				CLANG_WARN__DUPLICATE_METHOD_MATCH = YES;
				"CODE_SIGN_IDENTITY[sdk=iphoneos*]" = "iPhone Developer";
				COPY_PHASE_STRIP = NO;
				DEBUG_INFORMATION_FORMAT = "dwarf-with-dsym";
				ENABLE_NS_ASSERTIONS = NO;
				ENABLE_STRICT_OBJC_MSGSEND = YES;
				GCC_C_LANGUAGE_STANDARD = gnu99;
				GCC_NO_COMMON_BLOCKS = YES;
				GCC_WARN_64_TO_32_BIT_CONVERSION = NO;
				GCC_WARN_ABOUT_RETURN_TYPE = YES_ERROR;
				GCC_WARN_UNDECLARED_SELECTOR = YES;
				GCC_WARN_UNINITIALIZED_AUTOS = YES_AGGRESSIVE;
				GCC_WARN_UNUSED_FUNCTION = YES;
				GCC_WARN_UNUSED_VARIABLE = YES;
				IPHONEOS_DEPLOYMENT_TARGET = 12.0;
				MTL_ENABLE_DEBUG_INFO = NO;
				SDKROOT = iphoneos;
				SWIFT_COMPILATION_MODE = wholemodule;
				TARGETED_DEVICE_FAMILY = "1,2";
				VALIDATE_PRODUCT = YES;
			};
			name = Release;
		};
		497571071F68676E007798B9 /* Debug */ = {
			isa = XCBuildConfiguration;
			buildSettings = {
				ASSETCATALOG_COMPILER_APPICON_NAME = AppIcon;
				ASSETCATALOG_COMPILER_LAUNCHIMAGE_NAME = "";
				CLANG_CXX_LANGUAGE_STANDARD = "c++0x";
				CLANG_ENABLE_MODULES = YES;
				COMPRESS_PNG_FILES = NO;
				DEVELOPMENT_TEAM = "";
				ENABLE_BITCODE = NO;
				FRAMEWORK_SEARCH_PATHS = (
					"$(inherited)",
					"$(PROJECT_DIR)/Frameworks",
					"$(PROJECT_DIR)/Frameworks_3rdParty",
				);
				GCC_PREPROCESSOR_DEFINITIONS = (
					"DEBUG=1",
					"$(inherited)",
					CC_TARGET_OS_IPHONE,
					USE_FILE32API,
					"PTSTDCALL=\"\"",
				);
				HEADER_SEARCH_PATHS = "$(inherited)";
				INFOPLIST_FILE = BBPlayer/Info.plist;
				IPHONEOS_DEPLOYMENT_TARGET = 12.0;
				LD_RUNPATH_SEARCH_PATHS = "$(inherited) @executable_path/Frameworks";
				LIBRARY_SEARCH_PATHS = "$(inherited)";
				OTHER_LDFLAGS = ("-ObjC", "$(inherited)" );
				PRODUCT_BUNDLE_IDENTIFIER = com.velocirapptor.rgb;
				PRODUCT_NAME = "$(TARGET_NAME)";
				STRIP_PNG_TEXT = NO;
				SWIFT_OBJC_BRIDGING_HEADER = "BBPlayer/BBPlayer-Bridging-Header.h";
				SWIFT_OPTIMIZATION_LEVEL = "-Onone";
				SWIFT_VERSION = 5.0;
				VALIDATE_WORKSPACE = NO;
				VALID_ARCHS = arm64;
			};
			name = Debug;
		};
		497571081F68676E007798B9 /* Release */ = {
			isa = XCBuildConfiguration;
			buildSettings = {
				ASSETCATALOG_COMPILER_APPICON_NAME = AppIcon;
				ASSETCATALOG_COMPILER_LAUNCHIMAGE_NAME = "";
				CLANG_CXX_LANGUAGE_STANDARD = "c++0x";
				CLANG_ENABLE_MODULES = YES;
				COMPRESS_PNG_FILES = NO;
				DEVELOPMENT_TEAM = "";
				ENABLE_BITCODE = NO;
				FRAMEWORK_SEARCH_PATHS = (
					"$(inherited)",
					"$(PROJECT_DIR)/Frameworks",
					"$(PROJECT_DIR)/Frameworks_3rdParty",
				);
				GCC_PREPROCESSOR_DEFINITIONS = (
					CC_TARGET_OS_IPHONE,
					USE_FILE32API,
					USE_FILE32API,
					"$(inherited)",
				);
				HEADER_SEARCH_PATHS = "$(inherited)";
				INFOPLIST_FILE = BBPlayer/Info.plist;
				IPHONEOS_DEPLOYMENT_TARGET = 12.0;
				LD_RUNPATH_SEARCH_PATHS = "$(inherited) @executable_path/Frameworks";
				LIBRARY_SEARCH_PATHS = "$(inherited)";
				OTHER_LDFLAGS = ("-ObjC", "$(inherited)" );
				PRODUCT_BUNDLE_IDENTIFIER = com.velocirapptor.rgb;
				PRODUCT_NAME = "$(TARGET_NAME)";
				STRIP_PNG_TEXT = NO;
				SWIFT_OBJC_BRIDGING_HEADER = "BBPlayer/BBPlayer-Bridging-Header.h";
				SWIFT_VERSION = 5.0;
				VALIDATE_WORKSPACE = NO;
				VALID_ARCHS = arm64;
			};
			name = Release;
		};
/* End XCBuildConfiguration section */

/* Begin XCConfigurationList section */
		497570E61F68676E007798B9 /* Build configuration list for PBXProject "BBPlayer" */ = {
			isa = XCConfigurationList;
			buildConfigurations = (
				497571041F68676E007798B9 /* Debug */,
				497571051F68676E007798B9 /* Release */,
			);
			defaultConfigurationIsVisible = 0;
			defaultConfigurationName = Release;
		};
		497571061F68676E007798B9 /* Build configuration list for PBXNativeTarget "BBPlayer" */ = {
			isa = XCConfigurationList;
			buildConfigurations = (
				497571071F68676E007798B9 /* Debug */,
				497571081F68676E007798B9 /* Release */,
			);
			defaultConfigurationIsVisible = 0;
			defaultConfigurationName = Release;
		};
/* End XCConfigurationList section */
	};
	rootObject = 497570E31F68676E007798B9 /* Project object */;
}
